
Microsoft Visual Studio Solution File, Format Version 12.00
# Visual Studio Version 16
VisualStudioVersion = 16.0.28803.156
MinimumVisualStudioVersion = 10.0.40219.1
Project("{FAE04EC0-301F-11D3-BF4B-00C04F79EFBC}") = "PaperScience.Android", "PaperScience\PaperScience.Android\PaperScience.Android.csproj", "{EEE97717-4846-405B-9C3F-820AEAFE66D5}"
EndProject
Project("{FAE04EC0-301F-11D3-BF4B-00C04F79EFBC}") = "PaperScience.iOS", "PaperScience\PaperScience.iOS\PaperScience.iOS.csproj", "{ABDFA0CB-11CD-48DC-8289-025EC91D4A9B}"
EndProject
Project("{FAE04EC0-301F-11D3-BF4B-00C04F79EFBC}") = "PaperScience", "PaperScience\PaperScience\PaperScience.csproj", "{C4002240-BF79-4C87-A810-94E7FDA16AC7}"
EndProject
Global
	GlobalSection(SolutionConfigurationPlatforms) = preSolution
		Debug|Any CPU = Debug|Any CPU
		Debug|iPhone = Debug|iPhone
		Debug|iPhoneSimulator = Debug|iPhoneSimulator
		Release|Any CPU = Release|Any CPU
		Release|iPhone = Release|iPhone
		Release|iPhoneSimulator = Release|iPhoneSimulator
	EndGlobalSection
	GlobalSection(ProjectConfigurationPlatforms) = postSolution
		{EEE97717-4846-405B-9C3F-820AEAFE66D5}.Debug|Any CPU.ActiveCfg = Debug|Any CPU
		{EEE97717-4846-405B-9C3F-820AEAFE66D5}.Debug|Any CPU.Build.0 = Debug|Any CPU
		{EEE97717-4846-405B-9C3F-820AEAFE66D5}.Debug|Any CPU.Deploy.0 = Debug|Any CPU
		{EEE97717-4846-405B-9C3F-820AEAFE66D5}.Debug|iPhone.ActiveCfg = Debug|Any CPU
		{EEE97717-4846-405B-9C3F-820AEAFE66D5}.Debug|iPhone.Build.0 = Debug|Any CPU
		{EEE97717-4846-405B-9C3F-820AEAFE66D5}.Debug|iPhone.Deploy.0 = Debug|Any CPU
		{EEE97717-4846-405B-9C3F-820AEAFE66D5}.Debug|iPhoneSimulator.ActiveCfg = Debug|Any CPU
		{EEE97717-4846-405B-9C3F-820AEAFE66D5}.Debug|iPhoneSimulator.Build.0 = Debug|Any CPU
		{EEE97717-4846-405B-9C3F-820AEAFE66D5}.Debug|iPhoneSimulator.Deploy.0 = Debug|Any CPU
		{EEE97717-4846-405B-9C3F-820AEAFE66D5}.Release|Any CPU.ActiveCfg = Release|Any CPU
		{EEE97717-4846-405B-9C3F-820AEAFE66D5}.Release|Any CPU.Build.0 = Release|Any CPU
		{EEE97717-4846-405B-9C3F-820AEAFE66D5}.Release|Any CPU.Deploy.0 = Release|Any CPU
		{EEE97717-4846-405B-9C3F-820AEAFE66D5}.Release|iPhone.ActiveCfg = Release|Any CPU
		{EEE97717-4846-405B-9C3F-820AEAFE66D5}.Release|iPhone.Build.0 = Release|Any CPU
		{EEE97717-4846-405B-9C3F-820AEAFE66D5}.Release|iPhone.Deploy.0 = Release|Any CPU
		{EEE97717-4846-405B-9C3F-820AEAFE66D5}.Release|iPhoneSimulator.ActiveCfg = Release|Any CPU
		{EEE97717-4846-405B-9C3F-820AEAFE66D5}.Release|iPhoneSimulator.Build.0 = Release|Any CPU
		{EEE97717-4846-405B-9C3F-820AEAFE66D5}.Release|iPhoneSimulator.Deploy.0 = Release|Any CPU
		{ABDFA0CB-11CD-48DC-8289-025EC91D4A9B}.Debug|Any CPU.ActiveCfg = Debug|iPhoneSimulator
		{ABDFA0CB-11CD-48DC-8289-025EC91D4A9B}.Debug|Any CPU.Build.0 = Debug|iPhoneSimulator
		{ABDFA0CB-11CD-48DC-8289-025EC91D4A9B}.Debug|Any CPU.Deploy.0 = Debug|iPhoneSimulator
		{ABDFA0CB-11CD-48DC-8289-025EC91D4A9B}.Debug|iPhone.ActiveCfg = Debug|iPhone
		{ABDFA0CB-11CD-48DC-8289-025EC91D4A9B}.Debug|iPhone.Build.0 = Debug|iPhone
		{ABDFA0CB-11CD-48DC-8289-025EC91D4A9B}.Debug|iPhone.Deploy.0 = Debug|iPhone
		{ABDFA0CB-11CD-48DC-8289-025EC91D4A9B}.Debug|iPhoneSimulator.ActiveCfg = Debug|iPhoneSimulator
		{ABDFA0CB-11CD-48DC-8289-025EC91D4A9B}.Debug|iPhoneSimulator.Build.0 = Debug|iPhoneSimulator
		{ABDFA0CB-11CD-48DC-8289-025EC91D4A9B}.Debug|iPhoneSimulator.Deploy.0 = Debug|iPhoneSimulator
		{ABDFA0CB-11CD-48DC-8289-025EC91D4A9B}.Release|Any CPU.ActiveCfg = Release|iPhone
		{ABDFA0CB-11CD-48DC-8289-025EC91D4A9B}.Release|Any CPU.Build.0 = Release|iPhone
		{ABDFA0CB-11CD-48DC-8289-025EC91D4A9B}.Release|Any CPU.Deploy.0 = Release|iPhone
		{ABDFA0CB-11CD-48DC-8289-025EC91D4A9B}.Release|iPhone.ActiveCfg = Release|iPhone
		{ABDFA0CB-11CD-48DC-8289-025EC91D4A9B}.Release|iPhone.Build.0 = Release|iPhone
		{ABDFA0CB-11CD-48DC-8289-025EC91D4A9B}.Release|iPhone.Deploy.0 = Release|iPhone
		{ABDFA0CB-11CD-48DC-8289-025EC91D4A9B}.Release|iPhoneSimulator.ActiveCfg = Release|iPhoneSimulator
		{ABDFA0CB-11CD-48DC-8289-025EC91D4A9B}.Release|iPhoneSimulator.Build.0 = Release|iPhoneSimulator
		{ABDFA0CB-11CD-48DC-8289-025EC91D4A9B}.Release|iPhoneSimulator.Deploy.0 = Release|iPhoneSimulator
		{C4002240-BF79-4C87-A810-94E7FDA16AC7}.Debug|Any CPU.ActiveCfg = Debug|Any CPU
		{C4002240-BF79-4C87-A810-94E7FDA16AC7}.Debug|Any CPU.Build.0 = Debug|Any CPU
		{C4002240-BF79-4C87-A810-94E7FDA16AC7}.Debug|Any CPU.Deploy.0 = Debug|Any CPU
		{C4002240-BF79-4C87-A810-94E7FDA16AC7}.Debug|iPhone.ActiveCfg = Debug|Any CPU
		{C4002240-BF79-4C87-A810-94E7FDA16AC7}.Debug|iPhone.Build.0 = Debug|Any CPU
		{C4002240-BF79-4C87-A810-94E7FDA16AC7}.Debug|iPhone.Deploy.0 = Debug|Any CPU
		{C4002240-BF79-4C87-A810-94E7FDA16AC7}.Debug|iPhoneSimulator.ActiveCfg = Debug|Any CPU
		{C4002240-BF79-4C87-A810-94E7FDA16AC7}.Debug|iPhoneSimulator.Build.0 = Debug|Any CPU
		{C4002240-BF79-4C87-A810-94E7FDA16AC7}.Debug|iPhoneSimulator.Deploy.0 = Debug|Any CPU
		{C4002240-BF79-4C87-A810-94E7FDA16AC7}.Release|Any CPU.ActiveCfg = Release|Any CPU
		{C4002240-BF79-4C87-A810-94E7FDA16AC7}.Release|Any CPU.Build.0 = Release|Any CPU
		{C4002240-BF79-4C87-A810-94E7FDA16AC7}.Release|Any CPU.Deploy.0 = Release|Any CPU
		{C4002240-BF79-4C87-A810-94E7FDA16AC7}.Release|iPhone.ActiveCfg = Release|Any CPU
		{C4002240-BF79-4C87-A810-94E7FDA16AC7}.Release|iPhone.Build.0 = Release|Any CPU
		{C4002240-BF79-4C87-A810-94E7FDA16AC7}.Release|iPhone.Deploy.0 = Release|Any CPU
		{C4002240-BF79-4C87-A810-94E7FDA16AC7}.Release|iPhoneSimulator.ActiveCfg = Release|Any CPU
		{C4002240-BF79-4C87-A810-94E7FDA16AC7}.Release|iPhoneSimulator.Build.0 = Release|Any CPU
		{C4002240-BF79-4C87-A810-94E7FDA16AC7}.Release|iPhoneSimulator.Deploy.0 = Release|Any CPU
	EndGlobalSection
	GlobalSection(SolutionProperties) = preSolution
		HideSolutionNode = FALSE
	EndGlobalSection
	GlobalSection(ExtensibilityGlobals) = postSolution
		SolutionGuid = {86E60F60-A2C9-4CA9-AD89-110952FC8C6F}
	EndGlobalSection
EndGlobal
